{
  "requires": true,
  "lockfileVersion": 1,
  "dependencies": {
    "date-fns": {
      "version": "2.20.0",
      "resolved": "https://registry.npmjs.org/date-fns/-/date-fns-2.20.0.tgz",
      "integrity": "sha512-nmA7y6aDH5+fknfJ0G77HQzUSfTPpq4ifq+c9blP9d+X9zs3kNjxC+t3pcbBMGTp262a6PJB3RVjLlxIgoMI+Q=="
    }
  }
}
