
Microsoft Visual Studio Solution File, Format Version 12.00
# Visual Studio Version 16
VisualStudioVersion = 16.0.31005.135
MinimumVisualStudioVersion = 10.0.40219.1
Project("{FAE04EC0-301F-11D3-BF4B-00C04F79EFBC}") = "scheduleBackend", "scheduleBackend.csproj", "{FEB4FB2C-9BFA-41C4-9957-1B5D117C724E}"
EndProject
Global
	GlobalSection(SolutionConfigurationPlatforms) = preSolution
		Debug|Any CPU = Debug|Any CPU
		Release|Any CPU = Release|Any CPU
	EndGlobalSection
	GlobalSection(ProjectConfigurationPlatforms) = postSolution
		{FEB4FB2C-9BFA-41C4-9957-1B5D117C724E}.Debug|Any CPU.ActiveCfg = Debug|Any CPU
		{FEB4FB2C-9BFA-41C4-9957-1B5D117C724E}.Debug|Any CPU.Build.0 = Debug|Any CPU
		{FEB4FB2C-9BFA-41C4-9957-1B5D117C724E}.Release|Any CPU.ActiveCfg = Release|Any CPU
		{FEB4FB2C-9BFA-41C4-9957-1B5D117C724E}.Release|Any CPU.Build.0 = Release|Any CPU
	EndGlobalSection
	GlobalSection(SolutionProperties) = preSolution
		HideSolutionNode = FALSE
	EndGlobalSection
	GlobalSection(ExtensibilityGlobals) = postSolution
		SolutionGuid = {BEC90100-A714-410A-88FA-1C88DA4511C2}
	EndGlobalSection
EndGlobal
